// !$*UTF8*$!
{
	archiveVersion = 1;
	classes = {
	};
	objectVersion = 46;
	objects = {

/* Begin PBXBuildFile section */
		576FCDFF1CC4804300C5F793 /* AppDelegate.swift in Sources */ = {isa = PBXBuildFile; fileRef = 576FCDFE1CC4804300C5F793 /* AppDelegate.swift */; };
		576FCE011CC4804300C5F793 /* ViewController.swift in Sources */ = {isa = PBXBuildFile; fileRef = 576FCE001CC4804300C5F793 /* ViewController.swift */; };
		576FCE041CC4804300C5F793 /* Main.storyboard in Resources */ = {isa = PBXBuildFile; fileRef = 576FCE021CC4804300C5F793 /* Main.storyboard */; };
		576FCE061CC4804300C5F793 /* Assets.xcassets in Resources */ = {isa = PBXBuildFile; fileRef = 576FCE051CC4804300C5F793 /* Assets.xcassets */; };
		576FCE091CC4804300C5F793 /* LaunchScreen.storyboard in Resources */ = {isa = PBXBuildFile; fileRef = 576FCE071CC4804300C5F793 /* LaunchScreen.storyboard */; };
		576FCE141CC480B300C5F793 /* CustomAlertView.xib in Resources */ = {isa = PBXBuildFile; fileRef = 576FCE131CC480B300C5F793 /* CustomAlertView.xib */; };
		576FCE161CC480C400C5F793 /* CustomAlertView.swift in Sources */ = {isa = PBXBuildFile; fileRef = 576FCE151CC480C400C5F793 /* CustomAlertView.swift */; };
		576FCE181CC4859200C5F793 /* ExtensionVS.swift in Sources */ = {isa = PBXBuildFile; fileRef = 576FCE171CC4859200C5F793 /* ExtensionVS.swift */; };
/* End PBXBuildFile section */

/* Begin PBXFileReference section */
		576FCDFB1CC4804300C5F793 /* CustomAlertView.app */ = {isa = PBXFileReference; explicitFileType = wrapper.application; includeInIndex = 0; path = CustomAlertView.app; sourceTree = BUILT_PRODUCTS_DIR; };
		576FCDFE1CC4804300C5F793 /* AppDelegate.swift */ = {isa = PBXFileReference; lastKnownFileType = sourcecode.swift; path = AppDelegate.swift; sourceTree = "<group>"; };
		576FCE001CC4804300C5F793 /* ViewController.swift */ = {isa = PBXFileReference; lastKnownFileType = sourcecode.swift; path = ViewController.swift; sourceTree = "<group>"; };
		576FCE031CC4804300C5F793 /* Base */ = {isa = PBXFileReference; lastKnownFileType = file.storyboard; name = Base; path = Base.lproj/Main.storyboard; sourceTree = "<group>"; };
		576FCE051CC4804300C5F793 /* Assets.xcassets */ = {isa = PBXFileReference; lastKnownFileType = folder.assetcatalog; path = Assets.xcassets; sourceTree = "<group>"; };
		576FCE081CC4804300C5F793 /* Base */ = {isa = PBXFileReference; lastKnownFileType = file.storyboard; name = Base; path = Base.lproj/LaunchScreen.storyboard; sourceTree = "<group>"; };
		576FCE0A1CC4804300C5F793 /* Info.plist */ = {isa = PBXFileReference; lastKnownFileType = text.plist.xml; path = Info.plist; sourceTree = "<group>"; };
		576FCE131CC480B300C5F793 /* CustomAlertView.xib */ = {isa = PBXFileReference; fileEncoding = 4; lastKnownFileType = file.xib; path = CustomAlertView.xib; sourceTree = "<group>"; };
		576FCE151CC480C400C5F793 /* CustomAlertView.swift */ = {isa = PBXFileReference; fileEncoding = 4; lastKnownFileType = sourcecode.swift; path = CustomAlertView.swift; sourceTree = "<group>"; };
		576FCE171CC4859200C5F793 /* ExtensionVS.swift */ = {isa = PBXFileReference; fileEncoding = 4; lastKnownFileType = sourcecode.swift; path = ExtensionVS.swift; sourceTree = "<group>"; };
/* End PBXFileReference section */

/* Begin PBXFrameworksBuildPhase section */
		576FCDF81CC4804300C5F793 /* Frameworks */ = {
			isa = PBXFrameworksBuildPhase;
			buildActionMask = 2147483647;
			files = (
			);
			runOnlyForDeploymentPostprocessing = 0;
		};
/* End PBXFrameworksBuildPhase section */

/* Begin PBXGroup section */
		576FCDF21CC4804300C5F793 = {
			isa = PBXGroup;
			children = (
				576FCDFD1CC4804300C5F793 /* CustomAlertView */,
				576FCDFC1CC4804300C5F793 /* Products */,
			);
			sourceTree = "<group>";
		};
		576FCDFC1CC4804300C5F793 /* Products */ = {
			isa = PBXGroup;
			children = (
				576FCDFB1CC4804300C5F793 /* CustomAlertView.app */,
			);
			name = Products;
			sourceTree = "<group>";
		};
		576FCDFD1CC4804300C5F793 /* CustomAlertView */ = {
			isa = PBXGroup;
			children = (
				576FCDFE1CC4804300C5F793 /* AppDelegate.swift */,
				576FCE001CC4804300C5F793 /* ViewController.swift */,
				576FCE021CC4804300C5F793 /* Main.storyboard */,
				576FCE051CC4804300C5F793 /* Assets.xcassets */,
				576FCE071CC4804300C5F793 /* LaunchScreen.storyboard */,
				576FCE0A1CC4804300C5F793 /* Info.plist */,
				576FCE131CC480B300C5F793 /* CustomAlertView.xib */,
				576FCE151CC480C400C5F793 /* CustomAlertView.swift */,
				576FCE171CC4859200C5F793 /* ExtensionVS.swift */,
			);
			path = CustomAlertView;
			sourceTree = "<group>";
		};
/* End PBXGroup section */

/* Begin PBXNativeTarget section */
		576FCDFA1CC4804300C5F793 /* CustomAlertView */ = {
			isa = PBXNativeTarget;
			buildConfigurationList = 576FCE0D1CC4804300C5F793 /* Build configuration list for PBXNativeTarget "CustomAlertView" */;
			buildPhases = (
				576FCDF71CC4804300C5F793 /* Sources */,
				576FCDF81CC4804300C5F793 /* Frameworks */,
				576FCDF91CC4804300C5F793 /* Resources */,
			);
			buildRules = (
			);
			dependencies = (
			);
			name = CustomAlertView;
			productName = CustomAlertView;
			productReference = 576FCDFB1CC4804300C5F793 /* CustomAlertView.app */;
			productType = "com.apple.product-type.application";
		};
/* End PBXNativeTarget section */

/* Begin PBXProject section */
		576FCDF31CC4804300C5F793 /* Project object */ = {
			isa = PBXProject;
			attributes = {
				LastSwiftUpdateCheck = 0730;
				LastUpgradeCheck = 0730;
				ORGANIZATIONNAME = "Victor Santos";
				TargetAttributes = {
					576FCDFA1CC4804300C5F793 = {
						CreatedOnToolsVersion = 7.3;
					};
				};
			};
			buildConfigurationList = 576FCDF61CC4804300C5F793 /* Build configuration list for PBXProject "CustomAlertView" */;
			compatibilityVersion = "Xcode 3.2";
			developmentRegion = English;
			hasScannedForEncodings = 0;
			knownRegions = (
				en,
				Base,
			);
			mainGroup = 576FCDF21CC4804300C5F793;
			productRefGroup = 576FCDFC1CC4804300C5F793 /* Products */;
			projectDirPath = "";
			projectRoot = "";
			targets = (
				576FCDFA1CC4804300C5F793 /* CustomAlertView */,
			);
		};
/* End PBXProject section */

/* Begin PBXResourcesBuildPhase section */
		576FCDF91CC4804300C5F793 /* Resources */ = {
			isa = PBXResourcesBuildPhase;
			buildActionMask = 2147483647;
			files = (
				576FCE091CC4804300C5F793 /* LaunchScreen.storyboard in Resources */,
				576FCE061CC4804300C5F793 /* Assets.xcassets in Resources */,
				576FCE141CC480B300C5F793 /* CustomAlertView.xib in Resources */,
				576FCE041CC4804300C5F793 /* Main.storyboard in Resources */,
			);
			runOnlyForDeploymentPostprocessing = 0;
		};
/* End PBXResourcesBuildPhase section */

/* Begin PBXSourcesBuildPhase section */
		576FCDF71CC4804300C5F793 /* Sources */ = {
			isa = PBXSourcesBuildPhase;
			buildActionMask = 2147483647;
			files = (
				576FCE161CC480C400C5F793 /* CustomAlertView.swift in Sources */,
				576FCE011CC4804300C5F793 /* ViewController.swift in Sources */,
				576FCE181CC4859200C5F793 /* ExtensionVS.swift in Sources */,
				576FCDFF1CC4804300C5F793 /* AppDelegate.swift in Sources */,
			);
			runOnlyForDeploymentPostprocessing = 0;
		};
/* End PBXSourcesBuildPhase section */

/* Begin PBXVariantGroup section */
		576FCE021CC4804300C5F793 /* Main.storyboard */ = {
			isa = PBXVariantGroup;
			children = (
				576FCE031CC4804300C5F793 /* Base */,
			);
			name = Main.storyboard;
			sourceTree = "<group>";
		};
		576FCE071CC4804300C5F793 /* LaunchScreen.storyboard */ = {
			isa = PBXVariantGroup;
			children = (
				576FCE081CC4804300C5F793 /* Base */,
			);
			name = LaunchScreen.storyboard;
			sourceTree = "<group>";
		};
/* End PBXVariantGroup section */

/* Begin XCBuildConfiguration section */
		576FCE0B1CC4804300C5F793 /* Debug */ = {
			isa = XCBuildConfiguration;
			buildSettings = {
				ALWAYS_SEARCH_USER_PATHS = NO;
				CLANG_ANALYZER_NONNULL = YES;
				CLANG_CXX_LANGUAGE_STANDARD = "gnu++0x";
				CLANG_CXX_LIBRARY = "libc++";
				CLANG_ENABLE_MODULES = YES;
				CLANG_ENABLE_OBJC_ARC = YES;
				CLANG_WARN_BOOL_CONVERSION = YES;
				CLANG_WARN_CONSTANT_CONVERSION = YES;
				CLANG_WARN_DIRECT_OBJC_ISA_USAGE = YES_ERROR;
				CLANG_WARN_EMPTY_BODY = YES;
				CLANG_WARN_ENUM_CONVERSION = YES;
				CLANG_WARN_INT_CONVERSION = YES;
				CLANG_WARN_OBJC_ROOT_CLASS = YES_ERROR;
				CLANG_WARN_UNREACHABLE_CODE = YES;
				CLANG_WARN__DUPLICATE_METHOD_MATCH = YES;
				"CODE_SIGN_IDENTITY[sdk=iphoneos*]" = "iPhone Developer";
				COPY_PHASE_STRIP = NO;
				DEBUG_INFORMATION_FORMAT = dwarf;
				ENABLE_STRICT_OBJC_MSGSEND = YES;
				ENABLE_TESTABILITY = YES;
				GCC_C_LANGUAGE_STANDARD = gnu99;
				GCC_DYNAMIC_NO_PIC = NO;
				GCC_NO_COMMON_BLOCKS = YES;
				GCC_OPTIMIZATION_LEVEL = 0;
				GCC_PREPROCESSOR_DEFINITIONS = (
					"DEBUG=1",
					"$(inherited)",
				);
				GCC_WARN_64_TO_32_BIT_CONVERSION = YES;
				GCC_WARN_ABOUT_RETURN_TYPE = YES_ERROR;
				GCC_WARN_UNDECLARED_SELECTOR = YES;
				GCC_WARN_UNINITIALIZED_AUTOS = YES_AGGRESSIVE;
				GCC_WARN_UNUSED_FUNCTION = YES;
				GCC_WARN_UNUSED_VARIABLE = YES;
				IPHONEOS_DEPLOYMENT_TARGET = 9.3;
				MTL_ENABLE_DEBUG_INFO = YES;
				ONLY_ACTIVE_ARCH = YES;
				SDKROOT = iphoneos;
				SWIFT_OPTIMIZATION_LEVEL = "-Onone";
			};
			name = Debug;
		};
		576FCE0C1CC4804300C5F793 /* Release */ = {
			isa = XCBuildConfiguration;
			buildSettings = {
				ALWAYS_SEARCH_USER_PATHS = NO;
				CLANG_ANALYZER_NONNULL = YES;
				CLANG_CXX_LANGUAGE_STANDARD = "gnu++0x";
				CLANG_CXX_LIBRARY = "libc++";
				CLANG_ENABLE_MODULES = YES;
				CLANG_ENABLE_OBJC_ARC = YES;
				CLANG_WARN_BOOL_CONVERSION = YES;
				CLANG_WARN_CONSTANT_CONVERSION = YES;
				CLANG_WARN_DIRECT_OBJC_ISA_USAGE = YES_ERROR;
				CLANG_WARN_EMPTY_BODY = YES;
				CLANG_WARN_ENUM_CONVERSION = YES;
				CLANG_WARN_INT_CONVERSION = YES;
				CLANG_WARN_OBJC_ROOT_CLASS = YES_ERROR;
				CLANG_WARN_UNREACHABLE_CODE = YES;
				CLANG_WARN__DUPLICATE_METHOD_MATCH = YES;
				"CODE_SIGN_IDENTITY[sdk=iphoneos*]" = "iPhone Developer";
				COPY_PHASE_STRIP = NO;
				DEBUG_INFORMATION_FORMAT = "dwarf-with-dsym";
				ENABLE_NS_ASSERTIONS = NO;
				ENABLE_STRICT_OBJC_MSGSEND = YES;
				GCC_C_LANGUAGE_STANDARD = gnu99;
				GCC_NO_COMMON_BLOCKS = YES;
				GCC_WARN_64_TO_32_BIT_CONVERSION = YES;
				GCC_WARN_ABOUT_RETURN_TYPE = YES_ERROR;
				GCC_WARN_UNDECLARED_SELECTOR = YES;
				GCC_WARN_UNINITIALIZED_AUTOS = YES_AGGRESSIVE;
				GCC_WARN_UNUSED_FUNCTION = YES;
				GCC_WARN_UNUSED_VARIABLE = YES;
				IPHONEOS_DEPLOYMENT_TARGET = 9.3;
				MTL_ENABLE_DEBUG_INFO = NO;
				SDKROOT = iphoneos;
				VALIDATE_PRODUCT = YES;
			};
			name = Release;
		};
		576FCE0E1CC4804300C5F793 /* Debug */ = {
			isa = XCBuildConfiguration;
			buildSettings = {
				ASSETCATALOG_COMPILER_APPICON_NAME = AppIcon;
				INFOPLIST_FILE = CustomAlertView/Info.plist;
				LD_RUNPATH_SEARCH_PATHS = "$(inherited) @executable_path/Frameworks";
				PRODUCT_BUNDLE_IDENTIFIER = com.itsoluclick.CustomAlertView;
				PRODUCT_NAME = "$(TARGET_NAME)";
			};
			name = Debug;
		};
		576FCE0F1CC4804300C5F793 /* Release */ = {
			isa = XCBuildConfiguration;
			buildSettings = {
				ASSETCATALOG_COMPILER_APPICON_NAME = AppIcon;
				INFOPLIST_FILE = CustomAlertView/Info.plist;
				LD_RUNPATH_SEARCH_PATHS = "$(inherited) @executable_path/Frameworks";
				PRODUCT_BUNDLE_IDENTIFIER = com.itsoluclick.CustomAlertView;
				PRODUCT_NAME = "$(TARGET_NAME)";
			};
			name = Release;
		};
/* End XCBuildConfiguration section */

/* Begin XCConfigurationList section */
		576FCDF61CC4804300C5F793 /* Build configuration list for PBXProject "CustomAlertView" */ = {
			isa = XCConfigurationList;
			buildConfigurations = (
				576FCE0B1CC4804300C5F793 /* Debug */,
				576FCE0C1CC4804300C5F793 /* Release */,
			);
			defaultConfigurationIsVisible = 0;
			defaultConfigurationName = Release;
		};
		576FCE0D1CC4804300C5F793 /* Build configuration list for PBXNativeTarget "CustomAlertView" */ = {
			isa = XCConfigurationList;
			buildConfigurations = (
				576FCE0E1CC4804300C5F793 /* Debug */,
				576FCE0F1CC4804300C5F793 /* Release */,
			);
			defaultConfigurationIsVisible = 0;
		};
/* End XCConfigurationList section */
	};
	rootObject = 576FCDF31CC4804300C5F793 /* Project object */;
}
